
Microsoft Visual Studio Solution File, Format Version 10.00
# Visual Studio 2008
Project("{FAE04EC0-301F-11D3-BF4B-00C04F79EFBC}") = "cs333_p7-t2", "cs333_p7-t2\cs333_p7-t2.csproj", "{1FAA52B8-F2CA-4B89-8D04-D1C65A7086BB}"
EndProject
Global
	GlobalSection(SolutionConfigurationPlatforms) = preSolution
		Debug|x86 = Debug|x86
		Release|x86 = Release|x86
	EndGlobalSection
	GlobalSection(ProjectConfigurationPlatforms) = postSolution
		{1FAA52B8-F2CA-4B89-8D04-D1C65A7086BB}.Debug|x86.ActiveCfg = Debug|x86
		{1FAA52B8-F2CA-4B89-8D04-D1C65A7086BB}.Debug|x86.Build.0 = Debug|x86
		{1FAA52B8-F2CA-4B89-8D04-D1C65A7086BB}.Release|x86.ActiveCfg = Release|x86
		{1FAA52B8-F2CA-4B89-8D04-D1C65A7086BB}.Release|x86.Build.0 = Release|x86
	EndGlobalSection
	GlobalSection(MonoDevelopProperties) = preSolution
		StartupItem = cs333_p7-t2\cs333_p7-t2.csproj
	EndGlobalSection
EndGlobal
